// !$*UTF8*$!
{
	archiveVersion = 1;
	classes = {
	};
	objectVersion = 55;
	objects = {

/* Begin PBXBuildFile section */
		F84B82C82964976B00183DF5 /* AppDelegate.swift in Sources */ = {isa = PBXBuildFile; fileRef = F84B82C72964976B00183DF5 /* AppDelegate.swift */; };
		F84B82CA2964976B00183DF5 /* SceneDelegate.swift in Sources */ = {isa = PBXBuildFile; fileRef = F84B82C92964976B00183DF5 /* SceneDelegate.swift */; };
		F84B82CF2964976B00183DF5 /* Main.storyboard in Resources */ = {isa = PBXBuildFile; fileRef = F84B82CD2964976B00183DF5 /* Main.storyboard */; };
		F84B82D42964976E00183DF5 /* LaunchScreen.storyboard in Resources */ = {isa = PBXBuildFile; fileRef = F84B82D22964976E00183DF5 /* LaunchScreen.storyboard */; };
		F84B82DE29665EC800183DF5 /* Assets.xcassets in Resources */ = {isa = PBXBuildFile; fileRef = F84B82DD29665EC800183DF5 /* Assets.xcassets */; };
		F84B82E12966627600183DF5 /* ChantsViewController.swift in Sources */ = {isa = PBXBuildFile; fileRef = F84B82E02966627600183DF5 /* ChantsViewController.swift */; };
		F84B82E42967B28900183DF5 /* Team.swift in Sources */ = {isa = PBXBuildFile; fileRef = F84B82E32967B28900183DF5 /* Team.swift */; };
		F84B82E62967B31100183DF5 /* Manager.swift in Sources */ = {isa = PBXBuildFile; fileRef = F84B82E52967B31100183DF5 /* Manager.swift */; };
		F84B82E92967B3D000183DF5 /* TeamsViewModel.swift in Sources */ = {isa = PBXBuildFile; fileRef = F84B82E82967B3D000183DF5 /* TeamsViewModel.swift */; };
		F84B82EE296A51CA00183DF5 /* TeamTableViewCell.swift in Sources */ = {isa = PBXBuildFile; fileRef = F84B82ED296A51CA00183DF5 /* TeamTableViewCell.swift */; };
		F84B82F1296CB5CE00183DF5 /* Assets.swift in Sources */ = {isa = PBXBuildFile; fileRef = F84B82F0296CB5CE00183DF5 /* Assets.swift */; };
		F84B82F3296F3BB900183DF5 /* AudioManagerViewModel.swift in Sources */ = {isa = PBXBuildFile; fileRef = F84B82F2296F3BB900183DF5 /* AudioManagerViewModel.swift */; };
		F84B82F7296F3ED000183DF5 /* Teams.swift in Sources */ = {isa = PBXBuildFile; fileRef = F84B82F6296F3ED000183DF5 /* Teams.swift */; };
		F84B831F296F433600183DF5 /* burnley.mp3 in Resources */ = {isa = PBXBuildFile; fileRef = F84B830C296F433500183DF5 /* burnley.mp3 */; };
		F84B8320296F433600183DF5 /* newcastle.mp3 in Resources */ = {isa = PBXBuildFile; fileRef = F84B830D296F433500183DF5 /* newcastle.mp3 */; };
		F84B8321296F433600183DF5 /* sheffield.mp3 in Resources */ = {isa = PBXBuildFile; fileRef = F84B830E296F433500183DF5 /* sheffield.mp3 */; };
		F84B8322296F433600183DF5 /* west_brom.mp3 in Resources */ = {isa = PBXBuildFile; fileRef = F84B830F296F433500183DF5 /* west_brom.mp3 */; };
		F84B8323296F433600183DF5 /* wolves.mp3 in Resources */ = {isa = PBXBuildFile; fileRef = F84B8310296F433500183DF5 /* wolves.mp3 */; };
		F84B8324296F433600183DF5 /* aston_villa.mp3 in Resources */ = {isa = PBXBuildFile; fileRef = F84B8311296F433500183DF5 /* aston_villa.mp3 */; };
		F84B8325296F433600183DF5 /* liverpool.mp3 in Resources */ = {isa = PBXBuildFile; fileRef = F84B8312296F433500183DF5 /* liverpool.mp3 */; };
		F84B8326296F433600183DF5 /* fulham.mp3 in Resources */ = {isa = PBXBuildFile; fileRef = F84B8313296F433600183DF5 /* fulham.mp3 */; };
		F84B8327296F433600183DF5 /* southampton.mp3 in Resources */ = {isa = PBXBuildFile; fileRef = F84B8314296F433600183DF5 /* southampton.mp3 */; };
		F84B8328296F433600183DF5 /* chelsea.mp3 in Resources */ = {isa = PBXBuildFile; fileRef = F84B8315296F433600183DF5 /* chelsea.mp3 */; };
		F84B8329296F433600183DF5 /* leeds.mp3 in Resources */ = {isa = PBXBuildFile; fileRef = F84B8316296F433600183DF5 /* leeds.mp3 */; };
		F84B832A296F433600183DF5 /* palace.mp3 in Resources */ = {isa = PBXBuildFile; fileRef = F84B8317296F433600183DF5 /* palace.mp3 */; };
		F84B832B296F433600183DF5 /* tottenham.mp3 in Resources */ = {isa = PBXBuildFile; fileRef = F84B8318296F433600183DF5 /* tottenham.mp3 */; };
		F84B832C296F433600183DF5 /* brighton.mp3 in Resources */ = {isa = PBXBuildFile; fileRef = F84B8319296F433600183DF5 /* brighton.mp3 */; };
		F84B832D296F433600183DF5 /* leicester.mp3 in Resources */ = {isa = PBXBuildFile; fileRef = F84B831A296F433600183DF5 /* leicester.mp3 */; };
		F84B832E296F433600183DF5 /* manchester_city.mp3 in Resources */ = {isa = PBXBuildFile; fileRef = F84B831B296F433600183DF5 /* manchester_city.mp3 */; };
		F84B832F296F433600183DF5 /* manchester_united.mp3 in Resources */ = {isa = PBXBuildFile; fileRef = F84B831C296F433600183DF5 /* manchester_united.mp3 */; };
		F84B8330296F433600183DF5 /* arsenal.mp3 in Resources */ = {isa = PBXBuildFile; fileRef = F84B831D296F433600183DF5 /* arsenal.mp3 */; };
		F84B8331296F433600183DF5 /* everton.mp3 in Resources */ = {isa = PBXBuildFile; fileRef = F84B831E296F433600183DF5 /* everton.mp3 */; };
/* End PBXBuildFile section */

/* Begin PBXFileReference section */
		F84B82C42964976B00183DF5 /* Football Chants.app */ = {isa = PBXFileReference; explicitFileType = wrapper.application; includeInIndex = 0; path = "Football Chants.app"; sourceTree = BUILT_PRODUCTS_DIR; };
		F84B82C72964976B00183DF5 /* AppDelegate.swift */ = {isa = PBXFileReference; lastKnownFileType = sourcecode.swift; path = AppDelegate.swift; sourceTree = "<group>"; };
		F84B82C92964976B00183DF5 /* SceneDelegate.swift */ = {isa = PBXFileReference; lastKnownFileType = sourcecode.swift; path = SceneDelegate.swift; sourceTree = "<group>"; };
		F84B82CE2964976B00183DF5 /* Base */ = {isa = PBXFileReference; lastKnownFileType = file.storyboard; name = Base; path = Base.lproj/Main.storyboard; sourceTree = "<group>"; };
		F84B82D32964976E00183DF5 /* Base */ = {isa = PBXFileReference; lastKnownFileType = file.storyboard; name = Base; path = Base.lproj/LaunchScreen.storyboard; sourceTree = "<group>"; };
		F84B82D52964976E00183DF5 /* Info.plist */ = {isa = PBXFileReference; lastKnownFileType = text.plist.xml; path = Info.plist; sourceTree = "<group>"; };
		F84B82DD29665EC800183DF5 /* Assets.xcassets */ = {isa = PBXFileReference; lastKnownFileType = folder.assetcatalog; path = Assets.xcassets; sourceTree = "<group>"; };
		F84B82E02966627600183DF5 /* ChantsViewController.swift */ = {isa = PBXFileReference; lastKnownFileType = sourcecode.swift; path = ChantsViewController.swift; sourceTree = "<group>"; };
		F84B82E32967B28900183DF5 /* Team.swift */ = {isa = PBXFileReference; lastKnownFileType = sourcecode.swift; path = Team.swift; sourceTree = "<group>"; };
		F84B82E52967B31100183DF5 /* Manager.swift */ = {isa = PBXFileReference; lastKnownFileType = sourcecode.swift; path = Manager.swift; sourceTree = "<group>"; };
		F84B82E82967B3D000183DF5 /* TeamsViewModel.swift */ = {isa = PBXFileReference; fileEncoding = 4; lastKnownFileType = sourcecode.swift; path = TeamsViewModel.swift; sourceTree = "<group>"; };
		F84B82ED296A51CA00183DF5 /* TeamTableViewCell.swift */ = {isa = PBXFileReference; lastKnownFileType = sourcecode.swift; path = TeamTableViewCell.swift; sourceTree = "<group>"; };
		F84B82F0296CB5CE00183DF5 /* Assets.swift */ = {isa = PBXFileReference; lastKnownFileType = sourcecode.swift; path = Assets.swift; sourceTree = "<group>"; };
		F84B82F2296F3BB900183DF5 /* AudioManagerViewModel.swift */ = {isa = PBXFileReference; lastKnownFileType = sourcecode.swift; path = AudioManagerViewModel.swift; sourceTree = "<group>"; };
		F84B82F6296F3ED000183DF5 /* Teams.swift */ = {isa = PBXFileReference; lastKnownFileType = sourcecode.swift; path = Teams.swift; sourceTree = "<group>"; };
		F84B830C296F433500183DF5 /* burnley.mp3 */ = {isa = PBXFileReference; lastKnownFileType = audio.mp3; path = burnley.mp3; sourceTree = "<group>"; };
		F84B830D296F433500183DF5 /* newcastle.mp3 */ = {isa = PBXFileReference; lastKnownFileType = audio.mp3; path = newcastle.mp3; sourceTree = "<group>"; };
		F84B830E296F433500183DF5 /* sheffield.mp3 */ = {isa = PBXFileReference; lastKnownFileType = audio.mp3; path = sheffield.mp3; sourceTree = "<group>"; };
		F84B830F296F433500183DF5 /* west_brom.mp3 */ = {isa = PBXFileReference; lastKnownFileType = audio.mp3; path = west_brom.mp3; sourceTree = "<group>"; };
		F84B8310296F433500183DF5 /* wolves.mp3 */ = {isa = PBXFileReference; lastKnownFileType = audio.mp3; path = wolves.mp3; sourceTree = "<group>"; };
		F84B8311296F433500183DF5 /* aston_villa.mp3 */ = {isa = PBXFileReference; lastKnownFileType = audio.mp3; path = aston_villa.mp3; sourceTree = "<group>"; };
		F84B8312296F433500183DF5 /* liverpool.mp3 */ = {isa = PBXFileReference; lastKnownFileType = audio.mp3; path = liverpool.mp3; sourceTree = "<group>"; };
		F84B8313296F433600183DF5 /* fulham.mp3 */ = {isa = PBXFileReference; lastKnownFileType = audio.mp3; path = fulham.mp3; sourceTree = "<group>"; };
		F84B8314296F433600183DF5 /* southampton.mp3 */ = {isa = PBXFileReference; lastKnownFileType = audio.mp3; path = southampton.mp3; sourceTree = "<group>"; };
		F84B8315296F433600183DF5 /* chelsea.mp3 */ = {isa = PBXFileReference; lastKnownFileType = audio.mp3; path = chelsea.mp3; sourceTree = "<group>"; };
		F84B8316296F433600183DF5 /* leeds.mp3 */ = {isa = PBXFileReference; lastKnownFileType = audio.mp3; path = leeds.mp3; sourceTree = "<group>"; };
		F84B8317296F433600183DF5 /* palace.mp3 */ = {isa = PBXFileReference; lastKnownFileType = audio.mp3; path = palace.mp3; sourceTree = "<group>"; };
		F84B8318296F433600183DF5 /* tottenham.mp3 */ = {isa = PBXFileReference; lastKnownFileType = audio.mp3; path = tottenham.mp3; sourceTree = "<group>"; };
		F84B8319296F433600183DF5 /* brighton.mp3 */ = {isa = PBXFileReference; lastKnownFileType = audio.mp3; path = brighton.mp3; sourceTree = "<group>"; };
		F84B831A296F433600183DF5 /* leicester.mp3 */ = {isa = PBXFileReference; lastKnownFileType = audio.mp3; path = leicester.mp3; sourceTree = "<group>"; };
		F84B831B296F433600183DF5 /* manchester_city.mp3 */ = {isa = PBXFileReference; lastKnownFileType = audio.mp3; path = manchester_city.mp3; sourceTree = "<group>"; };
		F84B831C296F433600183DF5 /* manchester_united.mp3 */ = {isa = PBXFileReference; lastKnownFileType = audio.mp3; path = manchester_united.mp3; sourceTree = "<group>"; };
		F84B831D296F433600183DF5 /* arsenal.mp3 */ = {isa = PBXFileReference; lastKnownFileType = audio.mp3; path = arsenal.mp3; sourceTree = "<group>"; };
		F84B831E296F433600183DF5 /* everton.mp3 */ = {isa = PBXFileReference; lastKnownFileType = audio.mp3; path = everton.mp3; sourceTree = "<group>"; };
/* End PBXFileReference section */

/* Begin PBXFrameworksBuildPhase section */
		F84B82C12964976B00183DF5 /* Frameworks */ = {
			isa = PBXFrameworksBuildPhase;
			buildActionMask = 2147483647;
			files = (
			);
			runOnlyForDeploymentPostprocessing = 0;
		};
/* End PBXFrameworksBuildPhase section */

/* Begin PBXGroup section */
		F84B82BB2964976B00183DF5 = {
			isa = PBXGroup;
			children = (
				F84B82C62964976B00183DF5 /* Football Chants */,
				F84B82C52964976B00183DF5 /* Products */,
			);
			sourceTree = "<group>";
		};
		F84B82C52964976B00183DF5 /* Products */ = {
			isa = PBXGroup;
			children = (
				F84B82C42964976B00183DF5 /* Football Chants.app */,
			);
			name = Products;
			sourceTree = "<group>";
		};
		F84B82C62964976B00183DF5 /* Football Chants */ = {
			isa = PBXGroup;
			children = (
				F84B82EF296CB5BB00183DF5 /* Resources */,
				F84B82EA296A516000183DF5 /* Views */,
				F84B82E72967B3D000183DF5 /* ViewModel */,
				F84B82E22967B27900183DF5 /* Model */,
				F84B82DF2966625100183DF5 /* ViewControllers */,
				F84B82C72964976B00183DF5 /* AppDelegate.swift */,
				F84B82C92964976B00183DF5 /* SceneDelegate.swift */,
				F84B82DD29665EC800183DF5 /* Assets.xcassets */,
				F84B82CD2964976B00183DF5 /* Main.storyboard */,
				F84B82D22964976E00183DF5 /* LaunchScreen.storyboard */,
				F84B82D52964976E00183DF5 /* Info.plist */,
			);
			path = "Football Chants";
			sourceTree = "<group>";
		};
		F84B82DF2966625100183DF5 /* ViewControllers */ = {
			isa = PBXGroup;
			children = (
				F84B82E02966627600183DF5 /* ChantsViewController.swift */,
			);
			path = ViewControllers;
			sourceTree = "<group>";
		};
		F84B82E22967B27900183DF5 /* Model */ = {
			isa = PBXGroup;
			children = (
				F84B82E32967B28900183DF5 /* Team.swift */,
				F84B82E52967B31100183DF5 /* Manager.swift */,
			);
			path = Model;
			sourceTree = "<group>";
		};
		F84B82E72967B3D000183DF5 /* ViewModel */ = {
			isa = PBXGroup;
			children = (
				F84B82E82967B3D000183DF5 /* TeamsViewModel.swift */,
				F84B82F2296F3BB900183DF5 /* AudioManagerViewModel.swift */,
			);
			path = ViewModel;
			sourceTree = "<group>";
		};
		F84B82EA296A516000183DF5 /* Views */ = {
			isa = PBXGroup;
			children = (
				F84B82ED296A51CA00183DF5 /* TeamTableViewCell.swift */,
			);
			path = Views;
			sourceTree = "<group>";
		};
		F84B82EF296CB5BB00183DF5 /* Resources */ = {
			isa = PBXGroup;
			children = (
				F84B830B296F433500183DF5 /* Chants */,
				F84B82F0296CB5CE00183DF5 /* Assets.swift */,
				F84B82F6296F3ED000183DF5 /* Teams.swift */,
			);
			path = Resources;
			sourceTree = "<group>";
		};
		F84B830B296F433500183DF5 /* Chants */ = {
			isa = PBXGroup;
			children = (
				F84B830C296F433500183DF5 /* burnley.mp3 */,
				F84B830D296F433500183DF5 /* newcastle.mp3 */,
				F84B830E296F433500183DF5 /* sheffield.mp3 */,
				F84B830F296F433500183DF5 /* west_brom.mp3 */,
				F84B8310296F433500183DF5 /* wolves.mp3 */,
				F84B8311296F433500183DF5 /* aston_villa.mp3 */,
				F84B8312296F433500183DF5 /* liverpool.mp3 */,
				F84B8313296F433600183DF5 /* fulham.mp3 */,
				F84B8314296F433600183DF5 /* southampton.mp3 */,
				F84B8315296F433600183DF5 /* chelsea.mp3 */,
				F84B8316296F433600183DF5 /* leeds.mp3 */,
				F84B8317296F433600183DF5 /* palace.mp3 */,
				F84B8318296F433600183DF5 /* tottenham.mp3 */,
				F84B8319296F433600183DF5 /* brighton.mp3 */,
				F84B831A296F433600183DF5 /* leicester.mp3 */,
				F84B831B296F433600183DF5 /* manchester_city.mp3 */,
				F84B831C296F433600183DF5 /* manchester_united.mp3 */,
				F84B831D296F433600183DF5 /* arsenal.mp3 */,
				F84B831E296F433600183DF5 /* everton.mp3 */,
			);
			path = Chants;
			sourceTree = "<group>";
		};
/* End PBXGroup section */

/* Begin PBXNativeTarget section */
		F84B82C32964976B00183DF5 /* Football Chants */ = {
			isa = PBXNativeTarget;
			buildConfigurationList = F84B82D82964976E00183DF5 /* Build configuration list for PBXNativeTarget "Football Chants" */;
			buildPhases = (
				F84B82C02964976B00183DF5 /* Sources */,
				F84B82C12964976B00183DF5 /* Frameworks */,
				F84B82C22964976B00183DF5 /* Resources */,
			);
			buildRules = (
			);
			dependencies = (
			);
			name = "Football Chants";
			productName = "Football Chants";
			productReference = F84B82C42964976B00183DF5 /* Football Chants.app */;
			productType = "com.apple.product-type.application";
		};
/* End PBXNativeTarget section */

/* Begin PBXProject section */
		F84B82BC2964976B00183DF5 /* Project object */ = {
			isa = PBXProject;
			attributes = {
				BuildIndependentTargetsInParallel = 1;
				LastSwiftUpdateCheck = 1340;
				LastUpgradeCheck = 1340;
				TargetAttributes = {
					F84B82C32964976B00183DF5 = {
						CreatedOnToolsVersion = 13.4.1;
					};
				};
			};
			buildConfigurationList = F84B82BF2964976B00183DF5 /* Build configuration list for PBXProject "Football Chants" */;
			compatibilityVersion = "Xcode 13.0";
			developmentRegion = en;
			hasScannedForEncodings = 0;
			knownRegions = (
				en,
				Base,
			);
			mainGroup = F84B82BB2964976B00183DF5;
			productRefGroup = F84B82C52964976B00183DF5 /* Products */;
			projectDirPath = "";
			projectRoot = "";
			targets = (
				F84B82C32964976B00183DF5 /* Football Chants */,
			);
		};
/* End PBXProject section */

/* Begin PBXResourcesBuildPhase section */
		F84B82C22964976B00183DF5 /* Resources */ = {
			isa = PBXResourcesBuildPhase;
			buildActionMask = 2147483647;
			files = (
				F84B832A296F433600183DF5 /* palace.mp3 in Resources */,
				F84B8326296F433600183DF5 /* fulham.mp3 in Resources */,
				F84B8328296F433600183DF5 /* chelsea.mp3 in Resources */,
				F84B8323296F433600183DF5 /* wolves.mp3 in Resources */,
				F84B8331296F433600183DF5 /* everton.mp3 in Resources */,
				F84B82D42964976E00183DF5 /* LaunchScreen.storyboard in Resources */,
				F84B8327296F433600183DF5 /* southampton.mp3 in Resources */,
				F84B8324296F433600183DF5 /* aston_villa.mp3 in Resources */,
				F84B832D296F433600183DF5 /* leicester.mp3 in Resources */,
				F84B8320296F433600183DF5 /* newcastle.mp3 in Resources */,
				F84B832F296F433600183DF5 /* manchester_united.mp3 in Resources */,
				F84B8322296F433600183DF5 /* west_brom.mp3 in Resources */,
				F84B82DE29665EC800183DF5 /* Assets.xcassets in Resources */,
				F84B8321296F433600183DF5 /* sheffield.mp3 in Resources */,
				F84B831F296F433600183DF5 /* burnley.mp3 in Resources */,
				F84B82CF2964976B00183DF5 /* Main.storyboard in Resources */,
				F84B8329296F433600183DF5 /* leeds.mp3 in Resources */,
				F84B8325296F433600183DF5 /* liverpool.mp3 in Resources */,
				F84B832B296F433600183DF5 /* tottenham.mp3 in Resources */,
				F84B832C296F433600183DF5 /* brighton.mp3 in Resources */,
				F84B8330296F433600183DF5 /* arsenal.mp3 in Resources */,
				F84B832E296F433600183DF5 /* manchester_city.mp3 in Resources */,
			);
			runOnlyForDeploymentPostprocessing = 0;
		};
/* End PBXResourcesBuildPhase section */

/* Begin PBXSourcesBuildPhase section */
		F84B82C02964976B00183DF5 /* Sources */ = {
			isa = PBXSourcesBuildPhase;
			buildActionMask = 2147483647;
			files = (
				F84B82E12966627600183DF5 /* ChantsViewController.swift in Sources */,
				F84B82E92967B3D000183DF5 /* TeamsViewModel.swift in Sources */,
				F84B82E62967B31100183DF5 /* Manager.swift in Sources */,
				F84B82EE296A51CA00183DF5 /* TeamTableViewCell.swift in Sources */,
				F84B82F3296F3BB900183DF5 /* AudioManagerViewModel.swift in Sources */,
				F84B82C82964976B00183DF5 /* AppDelegate.swift in Sources */,
				F84B82F7296F3ED000183DF5 /* Teams.swift in Sources */,
				F84B82E42967B28900183DF5 /* Team.swift in Sources */,
				F84B82CA2964976B00183DF5 /* SceneDelegate.swift in Sources */,
				F84B82F1296CB5CE00183DF5 /* Assets.swift in Sources */,
			);
			runOnlyForDeploymentPostprocessing = 0;
		};
/* End PBXSourcesBuildPhase section */

/* Begin PBXVariantGroup section */
		F84B82CD2964976B00183DF5 /* Main.storyboard */ = {
			isa = PBXVariantGroup;
			children = (
				F84B82CE2964976B00183DF5 /* Base */,
			);
			name = Main.storyboard;
			sourceTree = "<group>";
		};
		F84B82D22964976E00183DF5 /* LaunchScreen.storyboard */ = {
			isa = PBXVariantGroup;
			children = (
				F84B82D32964976E00183DF5 /* Base */,
			);
			name = LaunchScreen.storyboard;
			sourceTree = "<group>";
		};
/* End PBXVariantGroup section */

/* Begin XCBuildConfiguration section */
		F84B82D62964976E00183DF5 /* Debug */ = {
			isa = XCBuildConfiguration;
			buildSettings = {
				ALWAYS_SEARCH_USER_PATHS = NO;
				CLANG_ANALYZER_NONNULL = YES;
				CLANG_ANALYZER_NUMBER_OBJECT_CONVERSION = YES_AGGRESSIVE;
				CLANG_CXX_LANGUAGE_STANDARD = "gnu++17";
				CLANG_ENABLE_MODULES = YES;
				CLANG_ENABLE_OBJC_ARC = YES;
				CLANG_ENABLE_OBJC_WEAK = YES;
				CLANG_WARN_BLOCK_CAPTURE_AUTORELEASING = YES;
				CLANG_WARN_BOOL_CONVERSION = YES;
				CLANG_WARN_COMMA = YES;
				CLANG_WARN_CONSTANT_CONVERSION = YES;
				CLANG_WARN_DEPRECATED_OBJC_IMPLEMENTATIONS = YES;
				CLANG_WARN_DIRECT_OBJC_ISA_USAGE = YES_ERROR;
				CLANG_WARN_DOCUMENTATION_COMMENTS = YES;
				CLANG_WARN_EMPTY_BODY = YES;
				CLANG_WARN_ENUM_CONVERSION = YES;
				CLANG_WARN_INFINITE_RECURSION = YES;
				CLANG_WARN_INT_CONVERSION = YES;
				CLANG_WARN_NON_LITERAL_NULL_CONVERSION = YES;
				CLANG_WARN_OBJC_IMPLICIT_RETAIN_SELF = YES;
				CLANG_WARN_OBJC_LITERAL_CONVERSION = YES;
				CLANG_WARN_OBJC_ROOT_CLASS = YES_ERROR;
				CLANG_WARN_QUOTED_INCLUDE_IN_FRAMEWORK_HEADER = YES;
				CLANG_WARN_RANGE_LOOP_ANALYSIS = YES;
				CLANG_WARN_STRICT_PROTOTYPES = YES;
				CLANG_WARN_SUSPICIOUS_MOVE = YES;
				CLANG_WARN_UNGUARDED_AVAILABILITY = YES_AGGRESSIVE;
				CLANG_WARN_UNREACHABLE_CODE = YES;
				CLANG_WARN__DUPLICATE_METHOD_MATCH = YES;
				COPY_PHASE_STRIP = NO;
				DEBUG_INFORMATION_FORMAT = dwarf;
				ENABLE_STRICT_OBJC_MSGSEND = YES;
				ENABLE_TESTABILITY = YES;
				GCC_C_LANGUAGE_STANDARD = gnu11;
				GCC_DYNAMIC_NO_PIC = NO;
				GCC_NO_COMMON_BLOCKS = YES;
				GCC_OPTIMIZATION_LEVEL = 0;
				GCC_PREPROCESSOR_DEFINITIONS = (
					"DEBUG=1",
					"$(inherited)",
				);
				GCC_WARN_64_TO_32_BIT_CONVERSION = YES;
				GCC_WARN_ABOUT_RETURN_TYPE = YES_ERROR;
				GCC_WARN_UNDECLARED_SELECTOR = YES;
				GCC_WARN_UNINITIALIZED_AUTOS = YES_AGGRESSIVE;
				GCC_WARN_UNUSED_FUNCTION = YES;
				GCC_WARN_UNUSED_VARIABLE = YES;
				IPHONEOS_DEPLOYMENT_TARGET = 15.5;
				MTL_ENABLE_DEBUG_INFO = INCLUDE_SOURCE;
				MTL_FAST_MATH = YES;
				ONLY_ACTIVE_ARCH = YES;
				SDKROOT = iphoneos;
				SWIFT_ACTIVE_COMPILATION_CONDITIONS = DEBUG;
				SWIFT_OPTIMIZATION_LEVEL = "-Onone";
			};
			name = Debug;
		};
		F84B82D72964976E00183DF5 /* Release */ = {
			isa = XCBuildConfiguration;
			buildSettings = {
				ALWAYS_SEARCH_USER_PATHS = NO;
				CLANG_ANALYZER_NONNULL = YES;
				CLANG_ANALYZER_NUMBER_OBJECT_CONVERSION = YES_AGGRESSIVE;
				CLANG_CXX_LANGUAGE_STANDARD = "gnu++17";
				CLANG_ENABLE_MODULES = YES;
				CLANG_ENABLE_OBJC_ARC = YES;
				CLANG_ENABLE_OBJC_WEAK = YES;
				CLANG_WARN_BLOCK_CAPTURE_AUTORELEASING = YES;
				CLANG_WARN_BOOL_CONVERSION = YES;
				CLANG_WARN_COMMA = YES;
				CLANG_WARN_CONSTANT_CONVERSION = YES;
				CLANG_WARN_DEPRECATED_OBJC_IMPLEMENTATIONS = YES;
				CLANG_WARN_DIRECT_OBJC_ISA_USAGE = YES_ERROR;
				CLANG_WARN_DOCUMENTATION_COMMENTS = YES;
				CLANG_WARN_EMPTY_BODY = YES;
				CLANG_WARN_ENUM_CONVERSION = YES;
				CLANG_WARN_INFINITE_RECURSION = YES;
				CLANG_WARN_INT_CONVERSION = YES;
				CLANG_WARN_NON_LITERAL_NULL_CONVERSION = YES;
				CLANG_WARN_OBJC_IMPLICIT_RETAIN_SELF = YES;
				CLANG_WARN_OBJC_LITERAL_CONVERSION = YES;
				CLANG_WARN_OBJC_ROOT_CLASS = YES_ERROR;
				CLANG_WARN_QUOTED_INCLUDE_IN_FRAMEWORK_HEADER = YES;
				CLANG_WARN_RANGE_LOOP_ANALYSIS = YES;
				CLANG_WARN_STRICT_PROTOTYPES = YES;
				CLANG_WARN_SUSPICIOUS_MOVE = YES;
				CLANG_WARN_UNGUARDED_AVAILABILITY = YES_AGGRESSIVE;
				CLANG_WARN_UNREACHABLE_CODE = YES;
				CLANG_WARN__DUPLICATE_METHOD_MATCH = YES;
				COPY_PHASE_STRIP = NO;
				DEBUG_INFORMATION_FORMAT = "dwarf-with-dsym";
				ENABLE_NS_ASSERTIONS = NO;
				ENABLE_STRICT_OBJC_MSGSEND = YES;
				GCC_C_LANGUAGE_STANDARD = gnu11;
				GCC_NO_COMMON_BLOCKS = YES;
				GCC_WARN_64_TO_32_BIT_CONVERSION = YES;
				GCC_WARN_ABOUT_RETURN_TYPE = YES_ERROR;
				GCC_WARN_UNDECLARED_SELECTOR = YES;
				GCC_WARN_UNINITIALIZED_AUTOS = YES_AGGRESSIVE;
				GCC_WARN_UNUSED_FUNCTION = YES;
				GCC_WARN_UNUSED_VARIABLE = YES;
				IPHONEOS_DEPLOYMENT_TARGET = 15.5;
				MTL_ENABLE_DEBUG_INFO = NO;
				MTL_FAST_MATH = YES;
				SDKROOT = iphoneos;
				SWIFT_COMPILATION_MODE = wholemodule;
				SWIFT_OPTIMIZATION_LEVEL = "-O";
				VALIDATE_PRODUCT = YES;
			};
			name = Release;
		};
		F84B82D92964976E00183DF5 /* Debug */ = {
			isa = XCBuildConfiguration;
			buildSettings = {
				ASSETCATALOG_COMPILER_APPICON_NAME = AppIcon;
				ASSETCATALOG_COMPILER_GLOBAL_ACCENT_COLOR_NAME = AccentColor;
				CODE_SIGN_STYLE = Automatic;
				CURRENT_PROJECT_VERSION = 1;
				DEVELOPMENT_TEAM = YPD6MBA7CW;
				GENERATE_INFOPLIST_FILE = YES;
				INFOPLIST_FILE = "Football Chants/Info.plist";
				INFOPLIST_KEY_UIApplicationSupportsIndirectInputEvents = YES;
				INFOPLIST_KEY_UILaunchStoryboardName = LaunchScreen;
				INFOPLIST_KEY_UIMainStoryboardFile = Main;
				INFOPLIST_KEY_UISupportedInterfaceOrientations = UIInterfaceOrientationPortrait;
				INFOPLIST_KEY_UISupportedInterfaceOrientations_iPad = "UIInterfaceOrientationPortrait UIInterfaceOrientationPortraitUpsideDown UIInterfaceOrientationLandscapeLeft UIInterfaceOrientationLandscapeRight";
				INFOPLIST_KEY_UISupportedInterfaceOrientations_iPhone = "UIInterfaceOrientationPortrait UIInterfaceOrientationLandscapeLeft UIInterfaceOrientationLandscapeRight";
				IPHONEOS_DEPLOYMENT_TARGET = 13.0;
				LD_RUNPATH_SEARCH_PATHS = (
					"$(inherited)",
					"@executable_path/Frameworks",
				);
				MARKETING_VERSION = 1.0;
				PRODUCT_BUNDLE_IDENTIFIER = "com.Football-Chants";
				PRODUCT_NAME = "$(TARGET_NAME)";
				SWIFT_EMIT_LOC_STRINGS = YES;
				SWIFT_VERSION = 5.0;
				TARGETED_DEVICE_FAMILY = 1;
			};
			name = Debug;
		};
		F84B82DA2964976E00183DF5 /* Release */ = {
			isa = XCBuildConfiguration;
			buildSettings = {
				ASSETCATALOG_COMPILER_APPICON_NAME = AppIcon;
				ASSETCATALOG_COMPILER_GLOBAL_ACCENT_COLOR_NAME = AccentColor;
				CODE_SIGN_STYLE = Automatic;
				CURRENT_PROJECT_VERSION = 1;
				DEVELOPMENT_TEAM = YPD6MBA7CW;
				GENERATE_INFOPLIST_FILE = YES;
				INFOPLIST_FILE = "Football Chants/Info.plist";
				INFOPLIST_KEY_UIApplicationSupportsIndirectInputEvents = YES;
				INFOPLIST_KEY_UILaunchStoryboardName = LaunchScreen;
				INFOPLIST_KEY_UIMainStoryboardFile = Main;
				INFOPLIST_KEY_UISupportedInterfaceOrientations = UIInterfaceOrientationPortrait;
				INFOPLIST_KEY_UISupportedInterfaceOrientations_iPad = "UIInterfaceOrientationPortrait UIInterfaceOrientationPortraitUpsideDown UIInterfaceOrientationLandscapeLeft UIInterfaceOrientationLandscapeRight";
				INFOPLIST_KEY_UISupportedInterfaceOrientations_iPhone = "UIInterfaceOrientationPortrait UIInterfaceOrientationLandscapeLeft UIInterfaceOrientationLandscapeRight";
				IPHONEOS_DEPLOYMENT_TARGET = 13.0;
				LD_RUNPATH_SEARCH_PATHS = (
					"$(inherited)",
					"@executable_path/Frameworks",
				);
				MARKETING_VERSION = 1.0;
				PRODUCT_BUNDLE_IDENTIFIER = "com.Football-Chants";
				PRODUCT_NAME = "$(TARGET_NAME)";
				SWIFT_EMIT_LOC_STRINGS = YES;
				SWIFT_VERSION = 5.0;
				TARGETED_DEVICE_FAMILY = 1;
			};
			name = Release;
		};
/* End XCBuildConfiguration section */

/* Begin XCConfigurationList section */
		F84B82BF2964976B00183DF5 /* Build configuration list for PBXProject "Football Chants" */ = {
			isa = XCConfigurationList;
			buildConfigurations = (
				F84B82D62964976E00183DF5 /* Debug */,
				F84B82D72964976E00183DF5 /* Release */,
			);
			defaultConfigurationIsVisible = 0;
			defaultConfigurationName = Release;
		};
		F84B82D82964976E00183DF5 /* Build configuration list for PBXNativeTarget "Football Chants" */ = {
			isa = XCConfigurationList;
			buildConfigurations = (
				F84B82D92964976E00183DF5 /* Debug */,
				F84B82DA2964976E00183DF5 /* Release */,
			);
			defaultConfigurationIsVisible = 0;
			defaultConfigurationName = Release;
		};
/* End XCConfigurationList section */
	};
	rootObject = F84B82BC2964976B00183DF5 /* Project object */;
}
